
Microsoft Visual Studio Solution File, Format Version 12.00
# Visual Studio 15
Project("{FAE04EC0-301F-11D3-BF4B-00C04F79EFBC}") = "XamarinSummitAgendamento.Android", "XamarinSummitAgendamento.Android\XamarinSummitAgendamento.Android.csproj", "{28AF4D0E-D16A-4673-A894-DBD694C90A00}"
EndProject
Project("{FAE04EC0-301F-11D3-BF4B-00C04F79EFBC}") = "XamarinSummitAgendamento.iOS", "XamarinSummitAgendamento.iOS\XamarinSummitAgendamento.iOS.csproj", "{363C0D5C-F28E-4897-8008-D886B51159CC}"
EndProject
Project("{FAE04EC0-301F-11D3-BF4B-00C04F79EFBC}") = "XamarinSummitAgendamento", "XamarinSummitAgendamento\XamarinSummitAgendamento.csproj", "{0ECCB5D9-1302-4C4B-A1D6-4E7EC5600F7A}"
EndProject
Global
	GlobalSection(SolutionConfigurationPlatforms) = preSolution
		Debug|Any CPU = Debug|Any CPU
		Release|Any CPU = Release|Any CPU
		Debug|iPhoneSimulator = Debug|iPhoneSimulator
		Release|iPhoneSimulator = Release|iPhoneSimulator
		Debug|iPhone = Debug|iPhone
		Release|iPhone = Release|iPhone
	EndGlobalSection
	GlobalSection(ProjectConfigurationPlatforms) = postSolution
		{28AF4D0E-D16A-4673-A894-DBD694C90A00}.Debug|Any CPU.ActiveCfg = Debug|Any CPU
		{28AF4D0E-D16A-4673-A894-DBD694C90A00}.Debug|Any CPU.Build.0 = Debug|Any CPU
		{28AF4D0E-D16A-4673-A894-DBD694C90A00}.Release|Any CPU.ActiveCfg = Release|Any CPU
		{28AF4D0E-D16A-4673-A894-DBD694C90A00}.Release|Any CPU.Build.0 = Release|Any CPU
		{28AF4D0E-D16A-4673-A894-DBD694C90A00}.Debug|iPhoneSimulator.ActiveCfg = Debug|Any CPU
		{28AF4D0E-D16A-4673-A894-DBD694C90A00}.Debug|iPhoneSimulator.Build.0 = Debug|Any CPU
		{28AF4D0E-D16A-4673-A894-DBD694C90A00}.Release|iPhoneSimulator.ActiveCfg = Release|Any CPU
		{28AF4D0E-D16A-4673-A894-DBD694C90A00}.Release|iPhoneSimulator.Build.0 = Release|Any CPU
		{28AF4D0E-D16A-4673-A894-DBD694C90A00}.Debug|iPhone.ActiveCfg = Debug|Any CPU
		{28AF4D0E-D16A-4673-A894-DBD694C90A00}.Debug|iPhone.Build.0 = Debug|Any CPU
		{28AF4D0E-D16A-4673-A894-DBD694C90A00}.Release|iPhone.ActiveCfg = Release|Any CPU
		{28AF4D0E-D16A-4673-A894-DBD694C90A00}.Release|iPhone.Build.0 = Release|Any CPU
		{363C0D5C-F28E-4897-8008-D886B51159CC}.Debug|Any CPU.ActiveCfg = Debug|iPhoneSimulator
		{363C0D5C-F28E-4897-8008-D886B51159CC}.Debug|Any CPU.Build.0 = Debug|iPhoneSimulator
		{363C0D5C-F28E-4897-8008-D886B51159CC}.Release|Any CPU.ActiveCfg = Release|iPhoneSimulator
		{363C0D5C-F28E-4897-8008-D886B51159CC}.Release|Any CPU.Build.0 = Release|iPhoneSimulator
		{363C0D5C-F28E-4897-8008-D886B51159CC}.Debug|iPhoneSimulator.ActiveCfg = Debug|iPhoneSimulator
		{363C0D5C-F28E-4897-8008-D886B51159CC}.Debug|iPhoneSimulator.Build.0 = Debug|iPhoneSimulator
		{363C0D5C-F28E-4897-8008-D886B51159CC}.Release|iPhoneSimulator.ActiveCfg = Release|iPhoneSimulator
		{363C0D5C-F28E-4897-8008-D886B51159CC}.Release|iPhoneSimulator.Build.0 = Release|iPhoneSimulator
		{363C0D5C-F28E-4897-8008-D886B51159CC}.Debug|iPhone.ActiveCfg = Debug|iPhone
		{363C0D5C-F28E-4897-8008-D886B51159CC}.Debug|iPhone.Build.0 = Debug|iPhone
		{363C0D5C-F28E-4897-8008-D886B51159CC}.Release|iPhone.ActiveCfg = Release|iPhone
		{363C0D5C-F28E-4897-8008-D886B51159CC}.Release|iPhone.Build.0 = Release|iPhone
		{0ECCB5D9-1302-4C4B-A1D6-4E7EC5600F7A}.Debug|Any CPU.ActiveCfg = Debug|Any CPU
		{0ECCB5D9-1302-4C4B-A1D6-4E7EC5600F7A}.Debug|Any CPU.Build.0 = Debug|Any CPU
		{0ECCB5D9-1302-4C4B-A1D6-4E7EC5600F7A}.Release|Any CPU.ActiveCfg = Release|Any CPU
		{0ECCB5D9-1302-4C4B-A1D6-4E7EC5600F7A}.Release|Any CPU.Build.0 = Release|Any CPU
		{0ECCB5D9-1302-4C4B-A1D6-4E7EC5600F7A}.Debug|iPhoneSimulator.ActiveCfg = Debug|Any CPU
		{0ECCB5D9-1302-4C4B-A1D6-4E7EC5600F7A}.Debug|iPhoneSimulator.Build.0 = Debug|Any CPU
		{0ECCB5D9-1302-4C4B-A1D6-4E7EC5600F7A}.Release|iPhoneSimulator.ActiveCfg = Release|Any CPU
		{0ECCB5D9-1302-4C4B-A1D6-4E7EC5600F7A}.Release|iPhoneSimulator.Build.0 = Release|Any CPU
		{0ECCB5D9-1302-4C4B-A1D6-4E7EC5600F7A}.Debug|iPhone.ActiveCfg = Debug|Any CPU
		{0ECCB5D9-1302-4C4B-A1D6-4E7EC5600F7A}.Debug|iPhone.Build.0 = Debug|Any CPU
		{0ECCB5D9-1302-4C4B-A1D6-4E7EC5600F7A}.Release|iPhone.ActiveCfg = Release|Any CPU
		{0ECCB5D9-1302-4C4B-A1D6-4E7EC5600F7A}.Release|iPhone.Build.0 = Release|Any CPU
	EndGlobalSection
EndGlobal
